// !$*UTF8*$!
{
	archiveVersion = 1;
	classes = {
	};
	objectVersion = 46;
	objects = {

/* Begin PBXBuildFile section */
		7927821B1AFDCEF50099B2F5 /* main.m in Sources */ = {isa = PBXBuildFile; fileRef = 7927821A1AFDCEF50099B2F5 /* main.m */; };
		7927821E1AFDCEF50099B2F5 /* AppDelegate.m in Sources */ = {isa = PBXBuildFile; fileRef = 7927821D1AFDCEF50099B2F5 /* AppDelegate.m */; };
		792782211AFDCEF50099B2F5 /* FirstViewController.m in Sources */ = {isa = PBXBuildFile; fileRef = 792782201AFDCEF50099B2F5 /* FirstViewController.m */; };
		792782271AFDCEF60099B2F5 /* Main.storyboard in Resources */ = {isa = PBXBuildFile; fileRef = 792782251AFDCEF60099B2F5 /* Main.storyboard */; };
		792782291AFDCEF60099B2F5 /* Images.xcassets in Resources */ = {isa = PBXBuildFile; fileRef = 792782281AFDCEF60099B2F5 /* Images.xcassets */; };
		7927822C1AFDCEF60099B2F5 /* LaunchScreen.xib in Resources */ = {isa = PBXBuildFile; fileRef = 7927822A1AFDCEF60099B2F5 /* LaunchScreen.xib */; };
		792782381AFDCEF60099B2F5 /* RightCycleTests.m in Sources */ = {isa = PBXBuildFile; fileRef = 792782371AFDCEF60099B2F5 /* RightCycleTests.m */; };
		792782451AFDD1380099B2F5 /* SystemConfiguration.framework in Frameworks */ = {isa = PBXBuildFile; fileRef = 792782441AFDD1380099B2F5 /* SystemConfiguration.framework */; };
		792782471AFDD1460099B2F5 /* Foundation.framework in Frameworks */ = {isa = PBXBuildFile; fileRef = 792782461AFDD1460099B2F5 /* Foundation.framework */; };
		792782491AFDD1520099B2F5 /* CoreGraphics.framework in Frameworks */ = {isa = PBXBuildFile; fileRef = 792782481AFDD1520099B2F5 /* CoreGraphics.framework */; };
		7927824B1AFDD15E0099B2F5 /* UIKit.framework in Frameworks */ = {isa = PBXBuildFile; fileRef = 7927824A1AFDD15E0099B2F5 /* UIKit.framework */; };
		7927824E1AFDF46B0099B2F5 /* RightCycleGestureReconizer.m in Sources */ = {isa = PBXBuildFile; fileRef = 7927824D1AFDF46B0099B2F5 /* RightCycleGestureReconizer.m */; };
		793D79381AFE3A31005A33DB /* MyoKit.framework in Frameworks */ = {isa = PBXBuildFile; fileRef = 793D79371AFE3A31005A33DB /* MyoKit.framework */; };
		79C6C59A1AFFB02B00525E23 /* settings.png in Resources */ = {isa = PBXBuildFile; fileRef = 79C6C5991AFFB02B00525E23 /* settings.png */; };
		9E11ED681AFEFBBC0089103F /* titlelogo.png in Resources */ = {isa = PBXBuildFile; fileRef = 9E11ED661AFEFBBC0089103F /* titlelogo.png */; };
		9E11ED691AFEFBBC0089103F /* titlelogo@2x.png in Resources */ = {isa = PBXBuildFile; fileRef = 9E11ED671AFEFBBC0089103F /* titlelogo@2x.png */; };
		9E11ED6C1AFF07960089103F /* bottombar.png in Resources */ = {isa = PBXBuildFile; fileRef = 9E11ED6A1AFF07960089103F /* bottombar.png */; };
		9E11ED6D1AFF07960089103F /* bottombar@2x.png in Resources */ = {isa = PBXBuildFile; fileRef = 9E11ED6B1AFF07960089103F /* bottombar@2x.png */; };
		9E11ED701AFF0A8A0089103F /* btmbar.png in Resources */ = {isa = PBXBuildFile; fileRef = 9E11ED6E1AFF0A8A0089103F /* btmbar.png */; };
		9E11ED711AFF0A8A0089103F /* btmbar@2x.png in Resources */ = {isa = PBXBuildFile; fileRef = 9E11ED6F1AFF0A8A0089103F /* btmbar@2x.png */; };
		9E11ED731AFF19B90089103F /* MapKit.framework in Frameworks */ = {isa = PBXBuildFile; fileRef = 9E11ED721AFF19B90089103F /* MapKit.framework */; };
		9E11ED761AFF1DC30089103F /* txt.png in Resources */ = {isa = PBXBuildFile; fileRef = 9E11ED741AFF1DC30089103F /* txt.png */; };
		9E11ED771AFF1DC30089103F /* txt@2x.png in Resources */ = {isa = PBXBuildFile; fileRef = 9E11ED751AFF1DC30089103F /* txt@2x.png */; };
		9E123FB71AFED27200CCA9ED /* Map.m in Sources */ = {isa = PBXBuildFile; fileRef = 9E123FB61AFED27200CCA9ED /* Map.m */; };
		9E123FBA1AFED2DB00CCA9ED /* TrafficLights.m in Sources */ = {isa = PBXBuildFile; fileRef = 9E123FB91AFED2DB00CCA9ED /* TrafficLights.m */; };
		9E123FBD1AFED4AA00CCA9ED /* Tutorial.m in Sources */ = {isa = PBXBuildFile; fileRef = 9E123FBC1AFED4AA00CCA9ED /* Tutorial.m */; };
		9E123FC01AFED50A00CCA9ED /* Settings.m in Sources */ = {isa = PBXBuildFile; fileRef = 9E123FBF1AFED50A00CCA9ED /* Settings.m */; };
		9E123FFC1AFED76200CCA9ED /* background.png in Resources */ = {isa = PBXBuildFile; fileRef = 9E123FC21AFED76100CCA9ED /* background.png */; };
		9E123FFD1AFED76200CCA9ED /* background@2x.png in Resources */ = {isa = PBXBuildFile; fileRef = 9E123FC31AFED76100CCA9ED /* background@2x.png */; };
		9E123FFE1AFED76200CCA9ED /* bar_selector.png in Resources */ = {isa = PBXBuildFile; fileRef = 9E123FC41AFED76100CCA9ED /* bar_selector.png */; };
		9E123FFF1AFED76200CCA9ED /* bar_selector@2x.png in Resources */ = {isa = PBXBuildFile; fileRef = 9E123FC51AFED76100CCA9ED /* bar_selector@2x.png */; };
		9E1240021AFED76200CCA9ED /* btn_pairlights.png in Resources */ = {isa = PBXBuildFile; fileRef = 9E123FC81AFED76100CCA9ED /* btn_pairlights.png */; };
		9E1240031AFED76200CCA9ED /* btn_pairlights@2x.png in Resources */ = {isa = PBXBuildFile; fileRef = 9E123FC91AFED76100CCA9ED /* btn_pairlights@2x.png */; };
		9E1240041AFED76200CCA9ED /* btn_pairmyo.png in Resources */ = {isa = PBXBuildFile; fileRef = 9E123FCA1AFED76100CCA9ED /* btn_pairmyo.png */; };
		9E1240051AFED76200CCA9ED /* btn_pairmyo@2x.png in Resources */ = {isa = PBXBuildFile; fileRef = 9E123FCB1AFED76100CCA9ED /* btn_pairmyo@2x.png */; };
		9E1240061AFED76200CCA9ED /* btn_startroute.png in Resources */ = {isa = PBXBuildFile; fileRef = 9E123FCC1AFED76100CCA9ED /* btn_startroute.png */; };
		9E1240071AFED76200CCA9ED /* btn_startroute@2x.png in Resources */ = {isa = PBXBuildFile; fileRef = 9E123FCD1AFED76100CCA9ED /* btn_startroute@2x.png */; };
		9E1240081AFED76200CCA9ED /* btn_stoproute.png in Resources */ = {isa = PBXBuildFile; fileRef = 9E123FCE1AFED76100CCA9ED /* btn_stoproute.png */; };
		9E1240091AFED76200CCA9ED /* btn_stoproute@2x.png in Resources */ = {isa = PBXBuildFile; fileRef = 9E123FCF1AFED76100CCA9ED /* btn_stoproute@2x.png */; };
		9E12400A1AFED76200CCA9ED /* gestures.png in Resources */ = {isa = PBXBuildFile; fileRef = 9E123FD01AFED76100CCA9ED /* gestures.png */; };
		9E12400B1AFED76200CCA9ED /* gestures@2x.png in Resources */ = {isa = PBXBuildFile; fileRef = 9E123FD11AFED76100CCA9ED /* gestures@2x.png */; };
		9E12400C1AFED76200CCA9ED /* icon_lights.png in Resources */ = {isa = PBXBuildFile; fileRef = 9E123FD21AFED76100CCA9ED /* icon_lights.png */; };
		9E12400D1AFED76200CCA9ED /* icon_lights@2x.png in Resources */ = {isa = PBXBuildFile; fileRef = 9E123FD31AFED76100CCA9ED /* icon_lights@2x.png */; };
		9E12400E1AFED76200CCA9ED /* icon_myo.png in Resources */ = {isa = PBXBuildFile; fileRef = 9E123FD41AFED76100CCA9ED /* icon_myo.png */; };
		9E12400F1AFED76200CCA9ED /* icon_myo@2x.png in Resources */ = {isa = PBXBuildFile; fileRef = 9E123FD51AFED76100CCA9ED /* icon_myo@2x.png */; };
		9E1240101AFED76200CCA9ED /* menuicon_gestures_off.png in Resources */ = {isa = PBXBuildFile; fileRef = 9E123FD61AFED76100CCA9ED /* menuicon_gestures_off.png */; };
		9E1240111AFED76200CCA9ED /* menuicon_gestures_off@2x.png in Resources */ = {isa = PBXBuildFile; fileRef = 9E123FD71AFED76100CCA9ED /* menuicon_gestures_off@2x.png */; };
		9E1240121AFED76200CCA9ED /* menuicon_gestures_on.png in Resources */ = {isa = PBXBuildFile; fileRef = 9E123FD81AFED76100CCA9ED /* menuicon_gestures_on.png */; };
		9E1240131AFED76200CCA9ED /* menuicon_gestures_on@2x.png in Resources */ = {isa = PBXBuildFile; fileRef = 9E123FD91AFED76100CCA9ED /* menuicon_gestures_on@2x.png */; };
		9E1240141AFED76200CCA9ED /* menuicon_map_off.png in Resources */ = {isa = PBXBuildFile; fileRef = 9E123FDA1AFED76100CCA9ED /* menuicon_map_off.png */; };
		9E1240151AFED76200CCA9ED /* menuicon_map_off@2x.png in Resources */ = {isa = PBXBuildFile; fileRef = 9E123FDB1AFED76100CCA9ED /* menuicon_map_off@2x.png */; };
		9E1240161AFED76200CCA9ED /* menuicon_map_on.png in Resources */ = {isa = PBXBuildFile; fileRef = 9E123FDC1AFED76100CCA9ED /* menuicon_map_on.png */; };
		9E1240171AFED76200CCA9ED /* menuicon_map_on@2x.png in Resources */ = {isa = PBXBuildFile; fileRef = 9E123FDD1AFED76100CCA9ED /* menuicon_map_on@2x.png */; };
		9E1240181AFED76200CCA9ED /* menuicon_settings_off.png in Resources */ = {isa = PBXBuildFile; fileRef = 9E123FDE1AFED76100CCA9ED /* menuicon_settings_off.png */; };
		9E1240191AFED76200CCA9ED /* menuicon_settings_off@2x.png in Resources */ = {isa = PBXBuildFile; fileRef = 9E123FDF1AFED76100CCA9ED /* menuicon_settings_off@2x.png */; };
		9E12401A1AFED76200CCA9ED /* menuicon_settings_on.png in Resources */ = {isa = PBXBuildFile; fileRef = 9E123FE01AFED76100CCA9ED /* menuicon_settings_on.png */; };
		9E12401B1AFED76200CCA9ED /* menuicon_settings_on@2x.png in Resources */ = {isa = PBXBuildFile; fileRef = 9E123FE11AFED76100CCA9ED /* menuicon_settings_on@2x.png */; };
		9E12401C1AFED76200CCA9ED /* menuicon_signals_off.png in Resources */ = {isa = PBXBuildFile; fileRef = 9E123FE21AFED76100CCA9ED /* menuicon_signals_off.png */; };
		9E12401D1AFED76200CCA9ED /* menuicon_signals_off@2x.png in Resources */ = {isa = PBXBuildFile; fileRef = 9E123FE31AFED76100CCA9ED /* menuicon_signals_off@2x.png */; };
		9E12401E1AFED76200CCA9ED /* menuicon_signals_on.png in Resources */ = {isa = PBXBuildFile; fileRef = 9E123FE41AFED76100CCA9ED /* menuicon_signals_on.png */; };
		9E12401F1AFED76200CCA9ED /* menuicon_signals_on@2x.png in Resources */ = {isa = PBXBuildFile; fileRef = 9E123FE51AFED76100CCA9ED /* menuicon_signals_on@2x.png */; };
		9E1240201AFED76200CCA9ED /* menuicon_sync_off.png in Resources */ = {isa = PBXBuildFile; fileRef = 9E123FE61AFED76100CCA9ED /* menuicon_sync_off.png */; };
		9E1240211AFED76200CCA9ED /* menuicon_sync_off@2x.png in Resources */ = {isa = PBXBuildFile; fileRef = 9E123FE71AFED76100CCA9ED /* menuicon_sync_off@2x.png */; };
		9E1240221AFED76200CCA9ED /* menuicon_sync_on.png in Resources */ = {isa = PBXBuildFile; fileRef = 9E123FE81AFED76100CCA9ED /* menuicon_sync_on.png */; };
		9E1240231AFED76200CCA9ED /* menuicon_sync_on@2x.png in Resources */ = {isa = PBXBuildFile; fileRef = 9E123FE91AFED76100CCA9ED /* menuicon_sync_on@2x.png */; };
		9E1240241AFED76200CCA9ED /* pair_checkmark_blue.png in Resources */ = {isa = PBXBuildFile; fileRef = 9E123FEA1AFED76100CCA9ED /* pair_checkmark_blue.png */; };
		9E1240251AFED76200CCA9ED /* pair_checkmark_blue@2x.png in Resources */ = {isa = PBXBuildFile; fileRef = 9E123FEB1AFED76100CCA9ED /* pair_checkmark_blue@2x.png */; };
		9E1240261AFED76200CCA9ED /* pair_checkmark_pink.png in Resources */ = {isa = PBXBuildFile; fileRef = 9E123FEC1AFED76100CCA9ED /* pair_checkmark_pink.png */; };
		9E1240271AFED76200CCA9ED /* pair_checkmark_pink@2x.png in Resources */ = {isa = PBXBuildFile; fileRef = 9E123FED1AFED76100CCA9ED /* pair_checkmark_pink@2x.png */; };
		9E1240281AFED76200CCA9ED /* signal_left_off.png in Resources */ = {isa = PBXBuildFile; fileRef = 9E123FEE1AFED76100CCA9ED /* signal_left_off.png */; };
		9E1240291AFED76200CCA9ED /* signal_left_off@2x.png in Resources */ = {isa = PBXBuildFile; fileRef = 9E123FEF1AFED76100CCA9ED /* signal_left_off@2x.png */; };
		9E12402A1AFED76200CCA9ED /* signal_left_on.png in Resources */ = {isa = PBXBuildFile; fileRef = 9E123FF01AFED76100CCA9ED /* signal_left_on.png */; };
		9E12402B1AFED76200CCA9ED /* signal_left_on@2x.png in Resources */ = {isa = PBXBuildFile; fileRef = 9E123FF11AFED76100CCA9ED /* signal_left_on@2x.png */; };
		9E12402C1AFED76200CCA9ED /* signal_right_off.png in Resources */ = {isa = PBXBuildFile; fileRef = 9E123FF21AFED76100CCA9ED /* signal_right_off.png */; };
		9E12402D1AFED76200CCA9ED /* signal_right_off@2x.png in Resources */ = {isa = PBXBuildFile; fileRef = 9E123FF31AFED76100CCA9ED /* signal_right_off@2x.png */; };
		9E12402E1AFED76200CCA9ED /* signal_right_on.png in Resources */ = {isa = PBXBuildFile; fileRef = 9E123FF41AFED76100CCA9ED /* signal_right_on.png */; };
		9E12402F1AFED76200CCA9ED /* signal_right_on@2x.png in Resources */ = {isa = PBXBuildFile; fileRef = 9E123FF51AFED76100CCA9ED /* signal_right_on@2x.png */; };
		9E1240301AFED76200CCA9ED /* signal_stop_off.png in Resources */ = {isa = PBXBuildFile; fileRef = 9E123FF61AFED76100CCA9ED /* signal_stop_off.png */; };
		9E1240311AFED76200CCA9ED /* signal_stop_off@2x.png in Resources */ = {isa = PBXBuildFile; fileRef = 9E123FF71AFED76100CCA9ED /* signal_stop_off@2x.png */; };
		9E1240321AFED76200CCA9ED /* signal_stop_on.png in Resources */ = {isa = PBXBuildFile; fileRef = 9E123FF81AFED76100CCA9ED /* signal_stop_on.png */; };
		9E1240331AFED76200CCA9ED /* signal_stop_on@2x.png in Resources */ = {isa = PBXBuildFile; fileRef = 9E123FF91AFED76100CCA9ED /* signal_stop_on@2x.png */; };
		9E1240341AFED76200CCA9ED /* splash.png in Resources */ = {isa = PBXBuildFile; fileRef = 9E123FFA1AFED76100CCA9ED /* splash.png */; };
		9E1240351AFED76200CCA9ED /* splash@2x.png in Resources */ = {isa = PBXBuildFile; fileRef = 9E123FFB1AFED76100CCA9ED /* splash@2x.png */; };
		9E12404C1AFED7A900CCA9ED /* Icon-60.png in Resources */ = {isa = PBXBuildFile; fileRef = 9E1240371AFED7A900CCA9ED /* Icon-60.png */; };
		9E12404D1AFED7A900CCA9ED /* Icon-60@2x.png in Resources */ = {isa = PBXBuildFile; fileRef = 9E1240381AFED7A900CCA9ED /* Icon-60@2x.png */; };
		9E12404E1AFED7A900CCA9ED /* Icon-60@3x.png in Resources */ = {isa = PBXBuildFile; fileRef = 9E1240391AFED7A900CCA9ED /* Icon-60@3x.png */; };
		9E12404F1AFED7A900CCA9ED /* Icon-72.png in Resources */ = {isa = PBXBuildFile; fileRef = 9E12403A1AFED7A900CCA9ED /* Icon-72.png */; };
		9E1240501AFED7A900CCA9ED /* Icon-72@2x.png in Resources */ = {isa = PBXBuildFile; fileRef = 9E12403B1AFED7A900CCA9ED /* Icon-72@2x.png */; };
		9E1240511AFED7A900CCA9ED /* Icon-76.png in Resources */ = {isa = PBXBuildFile; fileRef = 9E12403C1AFED7A900CCA9ED /* Icon-76.png */; };
		9E1240521AFED7A900CCA9ED /* Icon-76@2x.png in Resources */ = {isa = PBXBuildFile; fileRef = 9E12403D1AFED7A900CCA9ED /* Icon-76@2x.png */; };
		9E1240531AFED7A900CCA9ED /* Icon-76@3x.png in Resources */ = {isa = PBXBuildFile; fileRef = 9E12403E1AFED7A900CCA9ED /* Icon-76@3x.png */; };
		9E1240541AFED7A900CCA9ED /* Icon-Small-50.png in Resources */ = {isa = PBXBuildFile; fileRef = 9E12403F1AFED7A900CCA9ED /* Icon-Small-50.png */; };
		9E1240551AFED7A900CCA9ED /* Icon-Small-50@2x.png in Resources */ = {isa = PBXBuildFile; fileRef = 9E1240401AFED7A900CCA9ED /* Icon-Small-50@2x.png */; };
		9E1240561AFED7A900CCA9ED /* Icon-Small.png in Resources */ = {isa = PBXBuildFile; fileRef = 9E1240411AFED7A900CCA9ED /* Icon-Small.png */; };
		9E1240571AFED7A900CCA9ED /* Icon-Small@2x.png in Resources */ = {isa = PBXBuildFile; fileRef = 9E1240421AFED7A900CCA9ED /* Icon-Small@2x.png */; };
		9E1240581AFED7A900CCA9ED /* Icon-Small@3x.png in Resources */ = {isa = PBXBuildFile; fileRef = 9E1240431AFED7A900CCA9ED /* Icon-Small@3x.png */; };
		9E1240591AFED7A900CCA9ED /* Icon-Spotlight-40.png in Resources */ = {isa = PBXBuildFile; fileRef = 9E1240441AFED7A900CCA9ED /* Icon-Spotlight-40.png */; };
		9E12405A1AFED7A900CCA9ED /* Icon-Spotlight-40@2x.png in Resources */ = {isa = PBXBuildFile; fileRef = 9E1240451AFED7A900CCA9ED /* Icon-Spotlight-40@2x.png */; };
		9E12405B1AFED7A900CCA9ED /* Icon-Spotlight-40@3x.png in Resources */ = {isa = PBXBuildFile; fileRef = 9E1240461AFED7A900CCA9ED /* Icon-Spotlight-40@3x.png */; };
		9E12405C1AFED7A900CCA9ED /* Icon.png in Resources */ = {isa = PBXBuildFile; fileRef = 9E1240471AFED7A900CCA9ED /* Icon.png */; };
		9E12405D1AFED7A900CCA9ED /* Icon@2x.png in Resources */ = {isa = PBXBuildFile; fileRef = 9E1240481AFED7A900CCA9ED /* Icon@2x.png */; };
		9E12405E1AFED7A900CCA9ED /* rightcycle_appicon.png in Resources */ = {isa = PBXBuildFile; fileRef = 9E1240491AFED7A900CCA9ED /* rightcycle_appicon.png */; };
		9E12405F1AFED7A900CCA9ED /* iTunesArtwork in Resources */ = {isa = PBXBuildFile; fileRef = 9E12404A1AFED7A900CCA9ED /* iTunesArtwork */; };
		9E1240601AFED7A900CCA9ED /* iTunesArtwork@2x in Resources */ = {isa = PBXBuildFile; fileRef = 9E12404B1AFED7A900CCA9ED /* iTunesArtwork@2x */; };
		9E1240631AFED8DD00CCA9ED /* SNNeoNoire-Regular.ttf in Resources */ = {isa = PBXBuildFile; fileRef = 9E1240621AFED8DD00CCA9ED /* SNNeoNoire-Regular.ttf */; };
		9E1240661AFEDEBB00CCA9ED /* rightcycle_logo_big.png in Resources */ = {isa = PBXBuildFile; fileRef = 9E1240651AFEDEBB00CCA9ED /* rightcycle_logo_big.png */; };
/* End PBXBuildFile section */

/* Begin PBXContainerItemProxy section */
		792782321AFDCEF60099B2F5 /* PBXContainerItemProxy */ = {
			isa = PBXContainerItemProxy;
			containerPortal = 7927820D1AFDCEF50099B2F5 /* Project object */;
			proxyType = 1;
			remoteGlobalIDString = 792782141AFDCEF50099B2F5;
			remoteInfo = RightCycle;
		};
/* End PBXContainerItemProxy section */

/* Begin PBXFileReference section */
		792782151AFDCEF50099B2F5 /* RightCycle.app */ = {isa = PBXFileReference; explicitFileType = wrapper.application; includeInIndex = 0; path = RightCycle.app; sourceTree = BUILT_PRODUCTS_DIR; };
		792782191AFDCEF50099B2F5 /* Info.plist */ = {isa = PBXFileReference; lastKnownFileType = text.plist.xml; path = Info.plist; sourceTree = "<group>"; };
		7927821A1AFDCEF50099B2F5 /* main.m */ = {isa = PBXFileReference; lastKnownFileType = sourcecode.c.objc; path = main.m; sourceTree = "<group>"; };
		7927821C1AFDCEF50099B2F5 /* AppDelegate.h */ = {isa = PBXFileReference; lastKnownFileType = sourcecode.c.h; path = AppDelegate.h; sourceTree = "<group>"; };
		7927821D1AFDCEF50099B2F5 /* AppDelegate.m */ = {isa = PBXFileReference; lastKnownFileType = sourcecode.c.objc; path = AppDelegate.m; sourceTree = "<group>"; };
		7927821F1AFDCEF50099B2F5 /* FirstViewController.h */ = {isa = PBXFileReference; lastKnownFileType = sourcecode.c.h; path = FirstViewController.h; sourceTree = "<group>"; };
		792782201AFDCEF50099B2F5 /* FirstViewController.m */ = {isa = PBXFileReference; lastKnownFileType = sourcecode.c.objc; path = FirstViewController.m; sourceTree = "<group>"; };
		792782261AFDCEF60099B2F5 /* Base */ = {isa = PBXFileReference; lastKnownFileType = file.storyboard; name = Base; path = Base.lproj/Main.storyboard; sourceTree = "<group>"; };
		792782281AFDCEF60099B2F5 /* Images.xcassets */ = {isa = PBXFileReference; lastKnownFileType = folder.assetcatalog; path = Images.xcassets; sourceTree = "<group>"; };
		7927822B1AFDCEF60099B2F5 /* Base */ = {isa = PBXFileReference; lastKnownFileType = file.xib; name = Base; path = Base.lproj/LaunchScreen.xib; sourceTree = "<group>"; };
		792782311AFDCEF60099B2F5 /* RightCycleTests.xctest */ = {isa = PBXFileReference; explicitFileType = wrapper.cfbundle; includeInIndex = 0; path = RightCycleTests.xctest; sourceTree = BUILT_PRODUCTS_DIR; };
		792782361AFDCEF60099B2F5 /* Info.plist */ = {isa = PBXFileReference; lastKnownFileType = text.plist.xml; path = Info.plist; sourceTree = "<group>"; };
		792782371AFDCEF60099B2F5 /* RightCycleTests.m */ = {isa = PBXFileReference; lastKnownFileType = sourcecode.c.objc; path = RightCycleTests.m; sourceTree = "<group>"; };
		792782441AFDD1380099B2F5 /* SystemConfiguration.framework */ = {isa = PBXFileReference; lastKnownFileType = wrapper.framework; name = SystemConfiguration.framework; path = System/Library/Frameworks/SystemConfiguration.framework; sourceTree = SDKROOT; };
		792782461AFDD1460099B2F5 /* Foundation.framework */ = {isa = PBXFileReference; lastKnownFileType = wrapper.framework; name = Foundation.framework; path = System/Library/Frameworks/Foundation.framework; sourceTree = SDKROOT; };
		792782481AFDD1520099B2F5 /* CoreGraphics.framework */ = {isa = PBXFileReference; lastKnownFileType = wrapper.framework; name = CoreGraphics.framework; path = System/Library/Frameworks/CoreGraphics.framework; sourceTree = SDKROOT; };
		7927824A1AFDD15E0099B2F5 /* UIKit.framework */ = {isa = PBXFileReference; lastKnownFileType = wrapper.framework; name = UIKit.framework; path = System/Library/Frameworks/UIKit.framework; sourceTree = SDKROOT; };
		7927824C1AFDF46B0099B2F5 /* RightCycleGestureReconizer.h */ = {isa = PBXFileReference; fileEncoding = 4; lastKnownFileType = sourcecode.c.h; path = RightCycleGestureReconizer.h; sourceTree = "<group>"; };
		7927824D1AFDF46B0099B2F5 /* RightCycleGestureReconizer.m */ = {isa = PBXFileReference; fileEncoding = 4; lastKnownFileType = sourcecode.c.objc; path = RightCycleGestureReconizer.m; sourceTree = "<group>"; };
		793D79371AFE3A31005A33DB /* MyoKit.framework */ = {isa = PBXFileReference; lastKnownFileType = wrapper.framework; path = MyoKit.framework; sourceTree = "<group>"; };
		79C6C5991AFFB02B00525E23 /* settings.png */ = {isa = PBXFileReference; lastKnownFileType = image.png; path = settings.png; sourceTree = "<group>"; };
		9E11ED661AFEFBBC0089103F /* titlelogo.png */ = {isa = PBXFileReference; lastKnownFileType = image.png; path = titlelogo.png; sourceTree = "<group>"; };
		9E11ED671AFEFBBC0089103F /* titlelogo@2x.png */ = {isa = PBXFileReference; lastKnownFileType = image.png; path = "titlelogo@2x.png"; sourceTree = "<group>"; };
		9E11ED6A1AFF07960089103F /* bottombar.png */ = {isa = PBXFileReference; lastKnownFileType = image.png; path = bottombar.png; sourceTree = "<group>"; };
		9E11ED6B1AFF07960089103F /* bottombar@2x.png */ = {isa = PBXFileReference; lastKnownFileType = image.png; path = "bottombar@2x.png"; sourceTree = "<group>"; };
		9E11ED6E1AFF0A8A0089103F /* btmbar.png */ = {isa = PBXFileReference; lastKnownFileType = image.png; path = btmbar.png; sourceTree = "<group>"; };
		9E11ED6F1AFF0A8A0089103F /* btmbar@2x.png */ = {isa = PBXFileReference; lastKnownFileType = image.png; path = "btmbar@2x.png"; sourceTree = "<group>"; };
		9E11ED721AFF19B90089103F /* MapKit.framework */ = {isa = PBXFileReference; lastKnownFileType = wrapper.framework; name = MapKit.framework; path = System/Library/Frameworks/MapKit.framework; sourceTree = SDKROOT; };
		9E11ED741AFF1DC30089103F /* txt.png */ = {isa = PBXFileReference; lastKnownFileType = image.png; path = txt.png; sourceTree = "<group>"; };
		9E11ED751AFF1DC30089103F /* txt@2x.png */ = {isa = PBXFileReference; lastKnownFileType = image.png; path = "txt@2x.png"; sourceTree = "<group>"; };
		9E123FB51AFED27200CCA9ED /* Map.h */ = {isa = PBXFileReference; fileEncoding = 4; lastKnownFileType = sourcecode.c.h; path = Map.h; sourceTree = "<group>"; };
		9E123FB61AFED27200CCA9ED /* Map.m */ = {isa = PBXFileReference; fileEncoding = 4; lastKnownFileType = sourcecode.c.objc; path = Map.m; sourceTree = "<group>"; };
		9E123FB81AFED2DB00CCA9ED /* TrafficLights.h */ = {isa = PBXFileReference; fileEncoding = 4; lastKnownFileType = sourcecode.c.h; path = TrafficLights.h; sourceTree = "<group>"; };
		9E123FB91AFED2DB00CCA9ED /* TrafficLights.m */ = {isa = PBXFileReference; fileEncoding = 4; lastKnownFileType = sourcecode.c.objc; path = TrafficLights.m; sourceTree = "<group>"; };
		9E123FBB1AFED4AA00CCA9ED /* Tutorial.h */ = {isa = PBXFileReference; fileEncoding = 4; lastKnownFileType = sourcecode.c.h; path = Tutorial.h; sourceTree = "<group>"; };
		9E123FBC1AFED4AA00CCA9ED /* Tutorial.m */ = {isa = PBXFileReference; fileEncoding = 4; lastKnownFileType = sourcecode.c.objc; path = Tutorial.m; sourceTree = "<group>"; };
		9E123FBE1AFED50A00CCA9ED /* Settings.h */ = {isa = PBXFileReference; fileEncoding = 4; lastKnownFileType = sourcecode.c.h; path = Settings.h; sourceTree = "<group>"; };
		9E123FBF1AFED50A00CCA9ED /* Settings.m */ = {isa = PBXFileReference; fileEncoding = 4; lastKnownFileType = sourcecode.c.objc; path = Settings.m; sourceTree = "<group>"; };
		9E123FC21AFED76100CCA9ED /* background.png */ = {isa = PBXFileReference; lastKnownFileType = image.png; path = background.png; sourceTree = "<group>"; };
		9E123FC31AFED76100CCA9ED /* background@2x.png */ = {isa = PBXFileReference; lastKnownFileType = image.png; path = "background@2x.png"; sourceTree = "<group>"; };
		9E123FC41AFED76100CCA9ED /* bar_selector.png */ = {isa = PBXFileReference; lastKnownFileType = image.png; path = bar_selector.png; sourceTree = "<group>"; };
		9E123FC51AFED76100CCA9ED /* bar_selector@2x.png */ = {isa = PBXFileReference; lastKnownFileType = image.png; path = "bar_selector@2x.png"; sourceTree = "<group>"; };
		9E123FC81AFED76100CCA9ED /* btn_pairlights.png */ = {isa = PBXFileReference; lastKnownFileType = image.png; path = btn_pairlights.png; sourceTree = "<group>"; };
		9E123FC91AFED76100CCA9ED /* btn_pairlights@2x.png */ = {isa = PBXFileReference; lastKnownFileType = image.png; path = "btn_pairlights@2x.png"; sourceTree = "<group>"; };
		9E123FCA1AFED76100CCA9ED /* btn_pairmyo.png */ = {isa = PBXFileReference; lastKnownFileType = image.png; path = btn_pairmyo.png; sourceTree = "<group>"; };
		9E123FCB1AFED76100CCA9ED /* btn_pairmyo@2x.png */ = {isa = PBXFileReference; lastKnownFileType = image.png; path = "btn_pairmyo@2x.png"; sourceTree = "<group>"; };
		9E123FCC1AFED76100CCA9ED /* btn_startroute.png */ = {isa = PBXFileReference; lastKnownFileType = image.png; path = btn_startroute.png; sourceTree = "<group>"; };
		9E123FCD1AFED76100CCA9ED /* btn_startroute@2x.png */ = {isa = PBXFileReference; lastKnownFileType = image.png; path = "btn_startroute@2x.png"; sourceTree = "<group>"; };
		9E123FCE1AFED76100CCA9ED /* btn_stoproute.png */ = {isa = PBXFileReference; lastKnownFileType = image.png; path = btn_stoproute.png; sourceTree = "<group>"; };
		9E123FCF1AFED76100CCA9ED /* btn_stoproute@2x.png */ = {isa = PBXFileReference; lastKnownFileType = image.png; path = "btn_stoproute@2x.png"; sourceTree = "<group>"; };
		9E123FD01AFED76100CCA9ED /* gestures.png */ = {isa = PBXFileReference; lastKnownFileType = image.png; path = gestures.png; sourceTree = "<group>"; };
		9E123FD11AFED76100CCA9ED /* gestures@2x.png */ = {isa = PBXFileReference; lastKnownFileType = image.png; path = "gestures@2x.png"; sourceTree = "<group>"; };
		9E123FD21AFED76100CCA9ED /* icon_lights.png */ = {isa = PBXFileReference; lastKnownFileType = image.png; path = icon_lights.png; sourceTree = "<group>"; };
		9E123FD31AFED76100CCA9ED /* icon_lights@2x.png */ = {isa = PBXFileReference; lastKnownFileType = image.png; path = "icon_lights@2x.png"; sourceTree = "<group>"; };
		9E123FD41AFED76100CCA9ED /* icon_myo.png */ = {isa = PBXFileReference; lastKnownFileType = image.png; path = icon_myo.png; sourceTree = "<group>"; };
		9E123FD51AFED76100CCA9ED /* icon_myo@2x.png */ = {isa = PBXFileReference; lastKnownFileType = image.png; path = "icon_myo@2x.png"; sourceTree = "<group>"; };
		9E123FD61AFED76100CCA9ED /* menuicon_gestures_off.png */ = {isa = PBXFileReference; lastKnownFileType = image.png; path = menuicon_gestures_off.png; sourceTree = "<group>"; };
		9E123FD71AFED76100CCA9ED /* menuicon_gestures_off@2x.png */ = {isa = PBXFileReference; lastKnownFileType = image.png; path = "menuicon_gestures_off@2x.png"; sourceTree = "<group>"; };
		9E123FD81AFED76100CCA9ED /* menuicon_gestures_on.png */ = {isa = PBXFileReference; lastKnownFileType = image.png; path = menuicon_gestures_on.png; sourceTree = "<group>"; };
		9E123FD91AFED76100CCA9ED /* menuicon_gestures_on@2x.png */ = {isa = PBXFileReference; lastKnownFileType = image.png; path = "menuicon_gestures_on@2x.png"; sourceTree = "<group>"; };
		9E123FDA1AFED76100CCA9ED /* menuicon_map_off.png */ = {isa = PBXFileReference; lastKnownFileType = image.png; path = menuicon_map_off.png; sourceTree = "<group>"; };
		9E123FDB1AFED76100CCA9ED /* menuicon_map_off@2x.png */ = {isa = PBXFileReference; lastKnownFileType = image.png; path = "menuicon_map_off@2x.png"; sourceTree = "<group>"; };
		9E123FDC1AFED76100CCA9ED /* menuicon_map_on.png */ = {isa = PBXFileReference; lastKnownFileType = image.png; path = menuicon_map_on.png; sourceTree = "<group>"; };
		9E123FDD1AFED76100CCA9ED /* menuicon_map_on@2x.png */ = {isa = PBXFileReference; lastKnownFileType = image.png; path = "menuicon_map_on@2x.png"; sourceTree = "<group>"; };
		9E123FDE1AFED76100CCA9ED /* menuicon_settings_off.png */ = {isa = PBXFileReference; lastKnownFileType = image.png; path = menuicon_settings_off.png; sourceTree = "<group>"; };
		9E123FDF1AFED76100CCA9ED /* menuicon_settings_off@2x.png */ = {isa = PBXFileReference; lastKnownFileType = image.png; path = "menuicon_settings_off@2x.png"; sourceTree = "<group>"; };
		9E123FE01AFED76100CCA9ED /* menuicon_settings_on.png */ = {isa = PBXFileReference; lastKnownFileType = image.png; path = menuicon_settings_on.png; sourceTree = "<group>"; };
		9E123FE11AFED76100CCA9ED /* menuicon_settings_on@2x.png */ = {isa = PBXFileReference; lastKnownFileType = image.png; path = "menuicon_settings_on@2x.png"; sourceTree = "<group>"; };
		9E123FE21AFED76100CCA9ED /* menuicon_signals_off.png */ = {isa = PBXFileReference; lastKnownFileType = image.png; path = menuicon_signals_off.png; sourceTree = "<group>"; };
		9E123FE31AFED76100CCA9ED /* menuicon_signals_off@2x.png */ = {isa = PBXFileReference; lastKnownFileType = image.png; path = "menuicon_signals_off@2x.png"; sourceTree = "<group>"; };
		9E123FE41AFED76100CCA9ED /* menuicon_signals_on.png */ = {isa = PBXFileReference; lastKnownFileType = image.png; path = menuicon_signals_on.png; sourceTree = "<group>"; };
		9E123FE51AFED76100CCA9ED /* menuicon_signals_on@2x.png */ = {isa = PBXFileReference; lastKnownFileType = image.png; path = "menuicon_signals_on@2x.png"; sourceTree = "<group>"; };
		9E123FE61AFED76100CCA9ED /* menuicon_sync_off.png */ = {isa = PBXFileReference; lastKnownFileType = image.png; path = menuicon_sync_off.png; sourceTree = "<group>"; };
		9E123FE71AFED76100CCA9ED /* menuicon_sync_off@2x.png */ = {isa = PBXFileReference; lastKnownFileType = image.png; path = "menuicon_sync_off@2x.png"; sourceTree = "<group>"; };
		9E123FE81AFED76100CCA9ED /* menuicon_sync_on.png */ = {isa = PBXFileReference; lastKnownFileType = image.png; path = menuicon_sync_on.png; sourceTree = "<group>"; };
		9E123FE91AFED76100CCA9ED /* menuicon_sync_on@2x.png */ = {isa = PBXFileReference; lastKnownFileType = image.png; path = "menuicon_sync_on@2x.png"; sourceTree = "<group>"; };
		9E123FEA1AFED76100CCA9ED /* pair_checkmark_blue.png */ = {isa = PBXFileReference; lastKnownFileType = image.png; path = pair_checkmark_blue.png; sourceTree = "<group>"; };
		9E123FEB1AFED76100CCA9ED /* pair_checkmark_blue@2x.png */ = {isa = PBXFileReference; lastKnownFileType = image.png; path = "pair_checkmark_blue@2x.png"; sourceTree = "<group>"; };
		9E123FEC1AFED76100CCA9ED /* pair_checkmark_pink.png */ = {isa = PBXFileReference; lastKnownFileType = image.png; path = pair_checkmark_pink.png; sourceTree = "<group>"; };
		9E123FED1AFED76100CCA9ED /* pair_checkmark_pink@2x.png */ = {isa = PBXFileReference; lastKnownFileType = image.png; path = "pair_checkmark_pink@2x.png"; sourceTree = "<group>"; };
		9E123FEE1AFED76100CCA9ED /* signal_left_off.png */ = {isa = PBXFileReference; lastKnownFileType = image.png; path = signal_left_off.png; sourceTree = "<group>"; };
		9E123FEF1AFED76100CCA9ED /* signal_left_off@2x.png */ = {isa = PBXFileReference; lastKnownFileType = image.png; path = "signal_left_off@2x.png"; sourceTree = "<group>"; };
		9E123FF01AFED76100CCA9ED /* signal_left_on.png */ = {isa = PBXFileReference; lastKnownFileType = image.png; path = signal_left_on.png; sourceTree = "<group>"; };
		9E123FF11AFED76100CCA9ED /* signal_left_on@2x.png */ = {isa = PBXFileReference; lastKnownFileType = image.png; path = "signal_left_on@2x.png"; sourceTree = "<group>"; };
		9E123FF21AFED76100CCA9ED /* signal_right_off.png */ = {isa = PBXFileReference; lastKnownFileType = image.png; path = signal_right_off.png; sourceTree = "<group>"; };
		9E123FF31AFED76100CCA9ED /* signal_right_off@2x.png */ = {isa = PBXFileReference; lastKnownFileType = image.png; path = "signal_right_off@2x.png"; sourceTree = "<group>"; };
		9E123FF41AFED76100CCA9ED /* signal_right_on.png */ = {isa = PBXFileReference; lastKnownFileType = image.png; path = signal_right_on.png; sourceTree = "<group>"; };
		9E123FF51AFED76100CCA9ED /* signal_right_on@2x.png */ = {isa = PBXFileReference; lastKnownFileType = image.png; path = "signal_right_on@2x.png"; sourceTree = "<group>"; };
		9E123FF61AFED76100CCA9ED /* signal_stop_off.png */ = {isa = PBXFileReference; lastKnownFileType = image.png; path = signal_stop_off.png; sourceTree = "<group>"; };
		9E123FF71AFED76100CCA9ED /* signal_stop_off@2x.png */ = {isa = PBXFileReference; lastKnownFileType = image.png; path = "signal_stop_off@2x.png"; sourceTree = "<group>"; };
		9E123FF81AFED76100CCA9ED /* signal_stop_on.png */ = {isa = PBXFileReference; lastKnownFileType = image.png; path = signal_stop_on.png; sourceTree = "<group>"; };
		9E123FF91AFED76100CCA9ED /* signal_stop_on@2x.png */ = {isa = PBXFileReference; lastKnownFileType = image.png; path = "signal_stop_on@2x.png"; sourceTree = "<group>"; };
		9E123FFA1AFED76100CCA9ED /* splash.png */ = {isa = PBXFileReference; lastKnownFileType = image.png; path = splash.png; sourceTree = "<group>"; };
		9E123FFB1AFED76100CCA9ED /* splash@2x.png */ = {isa = PBXFileReference; lastKnownFileType = image.png; path = "splash@2x.png"; sourceTree = "<group>"; };
		9E1240371AFED7A900CCA9ED /* Icon-60.png */ = {isa = PBXFileReference; lastKnownFileType = image.png; path = "Icon-60.png"; sourceTree = "<group>"; };
		9E1240381AFED7A900CCA9ED /* Icon-60@2x.png */ = {isa = PBXFileReference; lastKnownFileType = image.png; path = "Icon-60@2x.png"; sourceTree = "<group>"; };
		9E1240391AFED7A900CCA9ED /* Icon-60@3x.png */ = {isa = PBXFileReference; lastKnownFileType = image.png; path = "Icon-60@3x.png"; sourceTree = "<group>"; };
		9E12403A1AFED7A900CCA9ED /* Icon-72.png */ = {isa = PBXFileReference; lastKnownFileType = image.png; path = "Icon-72.png"; sourceTree = "<group>"; };
		9E12403B1AFED7A900CCA9ED /* Icon-72@2x.png */ = {isa = PBXFileReference; lastKnownFileType = image.png; path = "Icon-72@2x.png"; sourceTree = "<group>"; };
		9E12403C1AFED7A900CCA9ED /* Icon-76.png */ = {isa = PBXFileReference; lastKnownFileType = image.png; path = "Icon-76.png"; sourceTree = "<group>"; };
		9E12403D1AFED7A900CCA9ED /* Icon-76@2x.png */ = {isa = PBXFileReference; lastKnownFileType = image.png; path = "Icon-76@2x.png"; sourceTree = "<group>"; };
		9E12403E1AFED7A900CCA9ED /* Icon-76@3x.png */ = {isa = PBXFileReference; lastKnownFileType = image.png; path = "Icon-76@3x.png"; sourceTree = "<group>"; };
		9E12403F1AFED7A900CCA9ED /* Icon-Small-50.png */ = {isa = PBXFileReference; lastKnownFileType = image.png; path = "Icon-Small-50.png"; sourceTree = "<group>"; };
		9E1240401AFED7A900CCA9ED /* Icon-Small-50@2x.png */ = {isa = PBXFileReference; lastKnownFileType = image.png; path = "Icon-Small-50@2x.png"; sourceTree = "<group>"; };
		9E1240411AFED7A900CCA9ED /* Icon-Small.png */ = {isa = PBXFileReference; lastKnownFileType = image.png; path = "Icon-Small.png"; sourceTree = "<group>"; };
		9E1240421AFED7A900CCA9ED /* Icon-Small@2x.png */ = {isa = PBXFileReference; lastKnownFileType = image.png; path = "Icon-Small@2x.png"; sourceTree = "<group>"; };
		9E1240431AFED7A900CCA9ED /* Icon-Small@3x.png */ = {isa = PBXFileReference; lastKnownFileType = image.png; path = "Icon-Small@3x.png"; sourceTree = "<group>"; };
		9E1240441AFED7A900CCA9ED /* Icon-Spotlight-40.png */ = {isa = PBXFileReference; lastKnownFileType = image.png; path = "Icon-Spotlight-40.png"; sourceTree = "<group>"; };
		9E1240451AFED7A900CCA9ED /* Icon-Spotlight-40@2x.png */ = {isa = PBXFileReference; lastKnownFileType = image.png; path = "Icon-Spotlight-40@2x.png"; sourceTree = "<group>"; };
		9E1240461AFED7A900CCA9ED /* Icon-Spotlight-40@3x.png */ = {isa = PBXFileReference; lastKnownFileType = image.png; path = "Icon-Spotlight-40@3x.png"; sourceTree = "<group>"; };
		9E1240471AFED7A900CCA9ED /* Icon.png */ = {isa = PBXFileReference; lastKnownFileType = image.png; path = Icon.png; sourceTree = "<group>"; };
		9E1240481AFED7A900CCA9ED /* Icon@2x.png */ = {isa = PBXFileReference; lastKnownFileType = image.png; path = "Icon@2x.png"; sourceTree = "<group>"; };
		9E1240491AFED7A900CCA9ED /* rightcycle_appicon.png */ = {isa = PBXFileReference; lastKnownFileType = image.png; path = rightcycle_appicon.png; sourceTree = "<group>"; };
		9E12404A1AFED7A900CCA9ED /* iTunesArtwork */ = {isa = PBXFileReference; lastKnownFileType = file; path = iTunesArtwork; sourceTree = "<group>"; };
		9E12404B1AFED7A900CCA9ED /* iTunesArtwork@2x */ = {isa = PBXFileReference; lastKnownFileType = file; path = "iTunesArtwork@2x"; sourceTree = "<group>"; };
		9E1240621AFED8DD00CCA9ED /* SNNeoNoire-Regular.ttf */ = {isa = PBXFileReference; lastKnownFileType = file; path = "SNNeoNoire-Regular.ttf"; sourceTree = "<group>"; };
		9E1240651AFEDEBB00CCA9ED /* rightcycle_logo_big.png */ = {isa = PBXFileReference; lastKnownFileType = image.png; path = rightcycle_logo_big.png; sourceTree = "<group>"; };
/* End PBXFileReference section */

/* Begin PBXFrameworksBuildPhase section */
		792782121AFDCEF50099B2F5 /* Frameworks */ = {
			isa = PBXFrameworksBuildPhase;
			buildActionMask = 2147483647;
			files = (
				7927824B1AFDD15E0099B2F5 /* UIKit.framework in Frameworks */,
				793D79381AFE3A31005A33DB /* MyoKit.framework in Frameworks */,
				792782491AFDD1520099B2F5 /* CoreGraphics.framework in Frameworks */,
				792782471AFDD1460099B2F5 /* Foundation.framework in Frameworks */,
				9E11ED731AFF19B90089103F /* MapKit.framework in Frameworks */,
				792782451AFDD1380099B2F5 /* SystemConfiguration.framework in Frameworks */,
			);
			runOnlyForDeploymentPostprocessing = 0;
		};
		7927822E1AFDCEF60099B2F5 /* Frameworks */ = {
			isa = PBXFrameworksBuildPhase;
			buildActionMask = 2147483647;
			files = (
			);
			runOnlyForDeploymentPostprocessing = 0;
		};
/* End PBXFrameworksBuildPhase section */

/* Begin PBXGroup section */
		7927820C1AFDCEF50099B2F5 = {
			isa = PBXGroup;
			children = (
				792782431AFDD0240099B2F5 /* Frameworks */,
				792782171AFDCEF50099B2F5 /* RightCycle */,
				792782341AFDCEF60099B2F5 /* RightCycleTests */,
				792782161AFDCEF50099B2F5 /* Products */,
			);
			sourceTree = "<group>";
		};
		792782161AFDCEF50099B2F5 /* Products */ = {
			isa = PBXGroup;
			children = (
				792782151AFDCEF50099B2F5 /* RightCycle.app */,
				792782311AFDCEF60099B2F5 /* RightCycleTests.xctest */,
			);
			name = Products;
			sourceTree = "<group>";
		};
		792782171AFDCEF50099B2F5 /* RightCycle */ = {
			isa = PBXGroup;
			children = (
				9E1240641AFEDEA300CCA9ED /* Logo */,
				9E1240611AFED8A800CCA9ED /* Fonts */,
				9E1240361AFED77300CCA9ED /* Icons */,
				9E123FC11AFED71100CCA9ED /* Images */,
				7927821C1AFDCEF50099B2F5 /* AppDelegate.h */,
				7927821D1AFDCEF50099B2F5 /* AppDelegate.m */,
				7927821F1AFDCEF50099B2F5 /* FirstViewController.h */,
				792782201AFDCEF50099B2F5 /* FirstViewController.m */,
				792782251AFDCEF60099B2F5 /* Main.storyboard */,
				792782281AFDCEF60099B2F5 /* Images.xcassets */,
				7927822A1AFDCEF60099B2F5 /* LaunchScreen.xib */,
				792782181AFDCEF50099B2F5 /* Supporting Files */,
				7927824C1AFDF46B0099B2F5 /* RightCycleGestureReconizer.h */,
				7927824D1AFDF46B0099B2F5 /* RightCycleGestureReconizer.m */,
				9E123FB51AFED27200CCA9ED /* Map.h */,
				9E123FB61AFED27200CCA9ED /* Map.m */,
				9E123FB81AFED2DB00CCA9ED /* TrafficLights.h */,
				9E123FB91AFED2DB00CCA9ED /* TrafficLights.m */,
				9E123FBB1AFED4AA00CCA9ED /* Tutorial.h */,
				9E123FBC1AFED4AA00CCA9ED /* Tutorial.m */,
				9E123FBE1AFED50A00CCA9ED /* Settings.h */,
				9E123FBF1AFED50A00CCA9ED /* Settings.m */,
			);
			path = RightCycle;
			sourceTree = "<group>";
		};
		792782181AFDCEF50099B2F5 /* Supporting Files */ = {
			isa = PBXGroup;
			children = (
				792782191AFDCEF50099B2F5 /* Info.plist */,
				7927821A1AFDCEF50099B2F5 /* main.m */,
			);
			name = "Supporting Files";
			sourceTree = "<group>";
		};
		792782341AFDCEF60099B2F5 /* RightCycleTests */ = {
			isa = PBXGroup;
			children = (
				792782371AFDCEF60099B2F5 /* RightCycleTests.m */,
				792782351AFDCEF60099B2F5 /* Supporting Files */,
			);
			path = RightCycleTests;
			sourceTree = "<group>";
		};
		792782351AFDCEF60099B2F5 /* Supporting Files */ = {
			isa = PBXGroup;
			children = (
				792782361AFDCEF60099B2F5 /* Info.plist */,
			);
			name = "Supporting Files";
			sourceTree = "<group>";
		};
		792782431AFDD0240099B2F5 /* Frameworks */ = {
			isa = PBXGroup;
			children = (
				9E11ED721AFF19B90089103F /* MapKit.framework */,
				793D79371AFE3A31005A33DB /* MyoKit.framework */,
				7927824A1AFDD15E0099B2F5 /* UIKit.framework */,
				792782481AFDD1520099B2F5 /* CoreGraphics.framework */,
				792782461AFDD1460099B2F5 /* Foundation.framework */,
				792782441AFDD1380099B2F5 /* SystemConfiguration.framework */,
			);
			name = Frameworks;
			sourceTree = "<group>";
		};
		9E123FC11AFED71100CCA9ED /* Images */ = {
			isa = PBXGroup;
			children = (
				9E11ED741AFF1DC30089103F /* txt.png */,
				9E11ED751AFF1DC30089103F /* txt@2x.png */,
				9E11ED6E1AFF0A8A0089103F /* btmbar.png */,
				9E11ED6F1AFF0A8A0089103F /* btmbar@2x.png */,
				9E11ED6A1AFF07960089103F /* bottombar.png */,
				9E11ED6B1AFF07960089103F /* bottombar@2x.png */,
				9E123FC21AFED76100CCA9ED /* background.png */,
				9E123FC31AFED76100CCA9ED /* background@2x.png */,
				9E123FC41AFED76100CCA9ED /* bar_selector.png */,
				9E123FC51AFED76100CCA9ED /* bar_selector@2x.png */,
				9E123FC81AFED76100CCA9ED /* btn_pairlights.png */,
				9E123FC91AFED76100CCA9ED /* btn_pairlights@2x.png */,
				9E123FCA1AFED76100CCA9ED /* btn_pairmyo.png */,
				9E123FCB1AFED76100CCA9ED /* btn_pairmyo@2x.png */,
				9E123FCC1AFED76100CCA9ED /* btn_startroute.png */,
				9E123FCD1AFED76100CCA9ED /* btn_startroute@2x.png */,
				9E123FCE1AFED76100CCA9ED /* btn_stoproute.png */,
				9E123FCF1AFED76100CCA9ED /* btn_stoproute@2x.png */,
				9E123FD01AFED76100CCA9ED /* gestures.png */,
				9E123FD11AFED76100CCA9ED /* gestures@2x.png */,
				9E123FD21AFED76100CCA9ED /* icon_lights.png */,
				9E123FD31AFED76100CCA9ED /* icon_lights@2x.png */,
				9E123FD41AFED76100CCA9ED /* icon_myo.png */,
				9E123FD51AFED76100CCA9ED /* icon_myo@2x.png */,
				9E123FD61AFED76100CCA9ED /* menuicon_gestures_off.png */,
				9E123FD71AFED76100CCA9ED /* menuicon_gestures_off@2x.png */,
				9E123FD81AFED76100CCA9ED /* menuicon_gestures_on.png */,
				9E123FD91AFED76100CCA9ED /* menuicon_gestures_on@2x.png */,
				9E123FDA1AFED76100CCA9ED /* menuicon_map_off.png */,
				9E123FDB1AFED76100CCA9ED /* menuicon_map_off@2x.png */,
				9E123FDC1AFED76100CCA9ED /* menuicon_map_on.png */,
				9E123FDD1AFED76100CCA9ED /* menuicon_map_on@2x.png */,
				9E123FDE1AFED76100CCA9ED /* menuicon_settings_off.png */,
				9E123FDF1AFED76100CCA9ED /* menuicon_settings_off@2x.png */,
				9E123FE01AFED76100CCA9ED /* menuicon_settings_on.png */,
				9E123FE11AFED76100CCA9ED /* menuicon_settings_on@2x.png */,
				9E123FE21AFED76100CCA9ED /* menuicon_signals_off.png */,
				9E123FE31AFED76100CCA9ED /* menuicon_signals_off@2x.png */,
				9E123FE41AFED76100CCA9ED /* menuicon_signals_on.png */,
				9E123FE51AFED76100CCA9ED /* menuicon_signals_on@2x.png */,
				9E123FE61AFED76100CCA9ED /* menuicon_sync_off.png */,
				9E123FE71AFED76100CCA9ED /* menuicon_sync_off@2x.png */,
				9E123FE81AFED76100CCA9ED /* menuicon_sync_on.png */,
				9E123FE91AFED76100CCA9ED /* menuicon_sync_on@2x.png */,
				9E123FEA1AFED76100CCA9ED /* pair_checkmark_blue.png */,
				9E123FEB1AFED76100CCA9ED /* pair_checkmark_blue@2x.png */,
				9E123FEC1AFED76100CCA9ED /* pair_checkmark_pink.png */,
				9E123FED1AFED76100CCA9ED /* pair_checkmark_pink@2x.png */,
				9E123FEE1AFED76100CCA9ED /* signal_left_off.png */,
				9E123FEF1AFED76100CCA9ED /* signal_left_off@2x.png */,
				9E123FF01AFED76100CCA9ED /* signal_left_on.png */,
				9E123FF11AFED76100CCA9ED /* signal_left_on@2x.png */,
				9E123FF21AFED76100CCA9ED /* signal_right_off.png */,
				9E123FF31AFED76100CCA9ED /* signal_right_off@2x.png */,
				9E123FF41AFED76100CCA9ED /* signal_right_on.png */,
				9E123FF51AFED76100CCA9ED /* signal_right_on@2x.png */,
				9E123FF61AFED76100CCA9ED /* signal_stop_off.png */,
				9E123FF71AFED76100CCA9ED /* signal_stop_off@2x.png */,
				79C6C5991AFFB02B00525E23 /* settings.png */,
				9E123FF81AFED76100CCA9ED /* signal_stop_on.png */,
				9E123FF91AFED76100CCA9ED /* signal_stop_on@2x.png */,
				9E123FFA1AFED76100CCA9ED /* splash.png */,
				9E123FFB1AFED76100CCA9ED /* splash@2x.png */,
			);
			name = Images;
			sourceTree = "<group>";
		};
		9E1240361AFED77300CCA9ED /* Icons */ = {
			isa = PBXGroup;
			children = (
				9E1240371AFED7A900CCA9ED /* Icon-60.png */,
				9E1240381AFED7A900CCA9ED /* Icon-60@2x.png */,
				9E1240391AFED7A900CCA9ED /* Icon-60@3x.png */,
				9E12403A1AFED7A900CCA9ED /* Icon-72.png */,
				9E12403B1AFED7A900CCA9ED /* Icon-72@2x.png */,
				9E12403C1AFED7A900CCA9ED /* Icon-76.png */,
				9E12403D1AFED7A900CCA9ED /* Icon-76@2x.png */,
				9E12403E1AFED7A900CCA9ED /* Icon-76@3x.png */,
				9E12403F1AFED7A900CCA9ED /* Icon-Small-50.png */,
				9E1240401AFED7A900CCA9ED /* Icon-Small-50@2x.png */,
				9E1240411AFED7A900CCA9ED /* Icon-Small.png */,
				9E1240421AFED7A900CCA9ED /* Icon-Small@2x.png */,
				9E1240431AFED7A900CCA9ED /* Icon-Small@3x.png */,
				9E1240441AFED7A900CCA9ED /* Icon-Spotlight-40.png */,
				9E1240451AFED7A900CCA9ED /* Icon-Spotlight-40@2x.png */,
				9E1240461AFED7A900CCA9ED /* Icon-Spotlight-40@3x.png */,
				9E1240471AFED7A900CCA9ED /* Icon.png */,
				9E1240481AFED7A900CCA9ED /* Icon@2x.png */,
				9E1240491AFED7A900CCA9ED /* rightcycle_appicon.png */,
				9E12404A1AFED7A900CCA9ED /* iTunesArtwork */,
				9E12404B1AFED7A900CCA9ED /* iTunesArtwork@2x */,
			);
			name = Icons;
			sourceTree = "<group>";
		};
		9E1240611AFED8A800CCA9ED /* Fonts */ = {
			isa = PBXGroup;
			children = (
				9E1240621AFED8DD00CCA9ED /* SNNeoNoire-Regular.ttf */,
			);
			name = Fonts;
			sourceTree = "<group>";
		};
		9E1240641AFEDEA300CCA9ED /* Logo */ = {
			isa = PBXGroup;
			children = (
				9E11ED661AFEFBBC0089103F /* titlelogo.png */,
				9E11ED671AFEFBBC0089103F /* titlelogo@2x.png */,
				9E1240651AFEDEBB00CCA9ED /* rightcycle_logo_big.png */,
			);
			name = Logo;
			sourceTree = "<group>";
		};
/* End PBXGroup section */

/* Begin PBXNativeTarget section */
		792782141AFDCEF50099B2F5 /* RightCycle */ = {
			isa = PBXNativeTarget;
			buildConfigurationList = 7927823B1AFDCEF60099B2F5 /* Build configuration list for PBXNativeTarget "RightCycle" */;
			buildPhases = (
				792782111AFDCEF50099B2F5 /* Sources */,
				792782121AFDCEF50099B2F5 /* Frameworks */,
				792782131AFDCEF50099B2F5 /* Resources */,
			);
			buildRules = (
			);
			dependencies = (
			);
			name = RightCycle;
			productName = RightCycle;
			productReference = 792782151AFDCEF50099B2F5 /* RightCycle.app */;
			productType = "com.apple.product-type.application";
		};
		792782301AFDCEF60099B2F5 /* RightCycleTests */ = {
			isa = PBXNativeTarget;
			buildConfigurationList = 7927823E1AFDCEF60099B2F5 /* Build configuration list for PBXNativeTarget "RightCycleTests" */;
			buildPhases = (
				7927822D1AFDCEF60099B2F5 /* Sources */,
				7927822E1AFDCEF60099B2F5 /* Frameworks */,
				7927822F1AFDCEF60099B2F5 /* Resources */,
			);
			buildRules = (
			);
			dependencies = (
				792782331AFDCEF60099B2F5 /* PBXTargetDependency */,
			);
			name = RightCycleTests;
			productName = RightCycleTests;
			productReference = 792782311AFDCEF60099B2F5 /* RightCycleTests.xctest */;
			productType = "com.apple.product-type.bundle.unit-test";
		};
/* End PBXNativeTarget section */

/* Begin PBXProject section */
		7927820D1AFDCEF50099B2F5 /* Project object */ = {
			isa = PBXProject;
			attributes = {
				LastUpgradeCheck = 0610;
				ORGANIZATIONNAME = RightCycle;
				TargetAttributes = {
					792782141AFDCEF50099B2F5 = {
						CreatedOnToolsVersion = 6.1.1;
						SystemCapabilities = {
							com.apple.BackgroundModes = {
								enabled = 1;
							};
							com.apple.Maps.iOS = {
								enabled = 1;
							};
						};
					};
					792782301AFDCEF60099B2F5 = {
						CreatedOnToolsVersion = 6.1.1;
						TestTargetID = 792782141AFDCEF50099B2F5;
					};
				};
			};
			buildConfigurationList = 792782101AFDCEF50099B2F5 /* Build configuration list for PBXProject "RightCycle" */;
			compatibilityVersion = "Xcode 3.2";
			developmentRegion = English;
			hasScannedForEncodings = 0;
			knownRegions = (
				en,
				Base,
			);
			mainGroup = 7927820C1AFDCEF50099B2F5;
			productRefGroup = 792782161AFDCEF50099B2F5 /* Products */;
			projectDirPath = "";
			projectRoot = "";
			targets = (
				792782141AFDCEF50099B2F5 /* RightCycle */,
				792782301AFDCEF60099B2F5 /* RightCycleTests */,
			);
		};
/* End PBXProject section */

/* Begin PBXResourcesBuildPhase section */
		792782131AFDCEF50099B2F5 /* Resources */ = {
			isa = PBXResourcesBuildPhase;
			buildActionMask = 2147483647;
			files = (
				9E1240231AFED76200CCA9ED /* menuicon_sync_on@2x.png in Resources */,
				9E123FFE1AFED76200CCA9ED /* bar_selector.png in Resources */,
				9E12405A1AFED7A900CCA9ED /* Icon-Spotlight-40@2x.png in Resources */,
				9E1240021AFED76200CCA9ED /* btn_pairlights.png in Resources */,
				9E1240301AFED76200CCA9ED /* signal_stop_off.png in Resources */,
				9E1240341AFED76200CCA9ED /* splash.png in Resources */,
				9E1240321AFED76200CCA9ED /* signal_stop_on.png in Resources */,
				9E1240521AFED7A900CCA9ED /* Icon-76@2x.png in Resources */,
				9E1240351AFED76200CCA9ED /* splash@2x.png in Resources */,
				9E1240561AFED7A900CCA9ED /* Icon-Small.png in Resources */,
				9E12402A1AFED76200CCA9ED /* signal_left_on.png in Resources */,
				9E12404E1AFED7A900CCA9ED /* Icon-60@3x.png in Resources */,
				9E12402F1AFED76200CCA9ED /* signal_right_on@2x.png in Resources */,
				9E12405F1AFED7A900CCA9ED /* iTunesArtwork in Resources */,
				9E1240291AFED76200CCA9ED /* signal_left_off@2x.png in Resources */,
				9E12404C1AFED7A900CCA9ED /* Icon-60.png in Resources */,
				9E11ED691AFEFBBC0089103F /* titlelogo@2x.png in Resources */,
				9E11ED771AFF1DC30089103F /* txt@2x.png in Resources */,
				9E1240041AFED76200CCA9ED /* btn_pairmyo.png in Resources */,
				9E12405E1AFED7A900CCA9ED /* rightcycle_appicon.png in Resources */,
				9E1240131AFED76200CCA9ED /* menuicon_gestures_on@2x.png in Resources */,
				9E1240141AFED76200CCA9ED /* menuicon_map_off.png in Resources */,
				9E12401B1AFED76200CCA9ED /* menuicon_settings_on@2x.png in Resources */,
				9E12401D1AFED76200CCA9ED /* menuicon_signals_off@2x.png in Resources */,
				9E1240111AFED76200CCA9ED /* menuicon_gestures_off@2x.png in Resources */,
				9E1240251AFED76200CCA9ED /* pair_checkmark_blue@2x.png in Resources */,
				9E123FFF1AFED76200CCA9ED /* bar_selector@2x.png in Resources */,
				9E12400D1AFED76200CCA9ED /* icon_lights@2x.png in Resources */,
				9E12402E1AFED76200CCA9ED /* signal_right_on.png in Resources */,
				9E12400C1AFED76200CCA9ED /* icon_lights.png in Resources */,
				9E1240311AFED76200CCA9ED /* signal_stop_off@2x.png in Resources */,
				9E1240241AFED76200CCA9ED /* pair_checkmark_blue.png in Resources */,
				9E1240571AFED7A900CCA9ED /* Icon-Small@2x.png in Resources */,
				9E1240201AFED76200CCA9ED /* menuicon_sync_off.png in Resources */,
				9E11ED701AFF0A8A0089103F /* btmbar.png in Resources */,
				9E1240221AFED76200CCA9ED /* menuicon_sync_on.png in Resources */,
				79C6C59A1AFFB02B00525E23 /* settings.png in Resources */,
				9E1240191AFED76200CCA9ED /* menuicon_settings_off@2x.png in Resources */,
				9E1240331AFED76200CCA9ED /* signal_stop_on@2x.png in Resources */,
				9E1240031AFED76200CCA9ED /* btn_pairlights@2x.png in Resources */,
				9E1240581AFED7A900CCA9ED /* Icon-Small@3x.png in Resources */,
				9E1240271AFED76200CCA9ED /* pair_checkmark_pink@2x.png in Resources */,
				9E1240511AFED7A900CCA9ED /* Icon-76.png in Resources */,
				9E1240631AFED8DD00CCA9ED /* SNNeoNoire-Regular.ttf in Resources */,
				9E1240501AFED7A900CCA9ED /* Icon-72@2x.png in Resources */,
				9E1240071AFED76200CCA9ED /* btn_startroute@2x.png in Resources */,
				9E1240121AFED76200CCA9ED /* menuicon_gestures_on.png in Resources */,
				9E12400B1AFED76200CCA9ED /* gestures@2x.png in Resources */,
				9E12405D1AFED7A900CCA9ED /* Icon@2x.png in Resources */,
				9E12400F1AFED76200CCA9ED /* icon_myo@2x.png in Resources */,
				9E12400A1AFED76200CCA9ED /* gestures.png in Resources */,
				9E1240151AFED76200CCA9ED /* menuicon_map_off@2x.png in Resources */,
				9E11ED711AFF0A8A0089103F /* btmbar@2x.png in Resources */,
				9E1240661AFEDEBB00CCA9ED /* rightcycle_logo_big.png in Resources */,
				9E1240051AFED76200CCA9ED /* btn_pairmyo@2x.png in Resources */,
				9E1240591AFED7A900CCA9ED /* Icon-Spotlight-40.png in Resources */,
				9E12402D1AFED76200CCA9ED /* signal_right_off@2x.png in Resources */,
				9E1240061AFED76200CCA9ED /* btn_startroute.png in Resources */,
				9E1240161AFED76200CCA9ED /* menuicon_map_on.png in Resources */,
				9E1240181AFED76200CCA9ED /* menuicon_settings_off.png in Resources */,
				9E1240091AFED76200CCA9ED /* btn_stoproute@2x.png in Resources */,
				792782271AFDCEF60099B2F5 /* Main.storyboard in Resources */,
				9E12400E1AFED76200CCA9ED /* icon_myo.png in Resources */,
				9E11ED761AFF1DC30089103F /* txt.png in Resources */,
				9E1240601AFED7A900CCA9ED /* iTunesArtwork@2x in Resources */,
				9E12402C1AFED76200CCA9ED /* signal_right_off.png in Resources */,
				9E12401E1AFED76200CCA9ED /* menuicon_signals_on.png in Resources */,
				9E12405B1AFED7A900CCA9ED /* Icon-Spotlight-40@3x.png in Resources */,
				9E11ED6C1AFF07960089103F /* bottombar.png in Resources */,
				9E12401C1AFED76200CCA9ED /* menuicon_signals_off.png in Resources */,
				9E123FFC1AFED76200CCA9ED /* background.png in Resources */,
				9E12401A1AFED76200CCA9ED /* menuicon_settings_on.png in Resources */,
				9E1240261AFED76200CCA9ED /* pair_checkmark_pink.png in Resources */,
				9E1240531AFED7A900CCA9ED /* Icon-76@3x.png in Resources */,
				9E1240541AFED7A900CCA9ED /* Icon-Small-50.png in Resources */,
				9E1240081AFED76200CCA9ED /* btn_stoproute.png in Resources */,
				9E11ED6D1AFF07960089103F /* bottombar@2x.png in Resources */,
				9E1240281AFED76200CCA9ED /* signal_left_off.png in Resources */,
				9E12402B1AFED76200CCA9ED /* signal_left_on@2x.png in Resources */,
				9E1240551AFED7A900CCA9ED /* Icon-Small-50@2x.png in Resources */,
				7927822C1AFDCEF60099B2F5 /* LaunchScreen.xib in Resources */,
				9E1240101AFED76200CCA9ED /* menuicon_gestures_off.png in Resources */,
				9E12401F1AFED76200CCA9ED /* menuicon_signals_on@2x.png in Resources */,
				9E1240171AFED76200CCA9ED /* menuicon_map_on@2x.png in Resources */,
				9E11ED681AFEFBBC0089103F /* titlelogo.png in Resources */,
				9E12405C1AFED7A900CCA9ED /* Icon.png in Resources */,
				9E12404D1AFED7A900CCA9ED /* Icon-60@2x.png in Resources */,
				9E12404F1AFED7A900CCA9ED /* Icon-72.png in Resources */,
				9E1240211AFED76200CCA9ED /* menuicon_sync_off@2x.png in Resources */,
				9E123FFD1AFED76200CCA9ED /* background@2x.png in Resources */,
				792782291AFDCEF60099B2F5 /* Images.xcassets in Resources */,
			);
			runOnlyForDeploymentPostprocessing = 0;
		};
		7927822F1AFDCEF60099B2F5 /* Resources */ = {
			isa = PBXResourcesBuildPhase;
			buildActionMask = 2147483647;
			files = (
			);
			runOnlyForDeploymentPostprocessing = 0;
		};
/* End PBXResourcesBuildPhase section */

/* Begin PBXSourcesBuildPhase section */
		792782111AFDCEF50099B2F5 /* Sources */ = {
			isa = PBXSourcesBuildPhase;
			buildActionMask = 2147483647;
			files = (
				9E123FB71AFED27200CCA9ED /* Map.m in Sources */,
				9E123FBD1AFED4AA00CCA9ED /* Tutorial.m in Sources */,
				9E123FC01AFED50A00CCA9ED /* Settings.m in Sources */,
				7927821E1AFDCEF50099B2F5 /* AppDelegate.m in Sources */,
				9E123FBA1AFED2DB00CCA9ED /* TrafficLights.m in Sources */,
				7927824E1AFDF46B0099B2F5 /* RightCycleGestureReconizer.m in Sources */,
				792782211AFDCEF50099B2F5 /* FirstViewController.m in Sources */,
				7927821B1AFDCEF50099B2F5 /* main.m in Sources */,
			);
			runOnlyForDeploymentPostprocessing = 0;
		};
		7927822D1AFDCEF60099B2F5 /* Sources */ = {
			isa = PBXSourcesBuildPhase;
			buildActionMask = 2147483647;
			files = (
				792782381AFDCEF60099B2F5 /* RightCycleTests.m in Sources */,
			);
			runOnlyForDeploymentPostprocessing = 0;
		};
/* End PBXSourcesBuildPhase section */

/* Begin PBXTargetDependency section */
		792782331AFDCEF60099B2F5 /* PBXTargetDependency */ = {
			isa = PBXTargetDependency;
			target = 792782141AFDCEF50099B2F5 /* RightCycle */;
			targetProxy = 792782321AFDCEF60099B2F5 /* PBXContainerItemProxy */;
		};
/* End PBXTargetDependency section */

/* Begin PBXVariantGroup section */
		792782251AFDCEF60099B2F5 /* Main.storyboard */ = {
			isa = PBXVariantGroup;
			children = (
				792782261AFDCEF60099B2F5 /* Base */,
			);
			name = Main.storyboard;
			sourceTree = "<group>";
		};
		7927822A1AFDCEF60099B2F5 /* LaunchScreen.xib */ = {
			isa = PBXVariantGroup;
			children = (
				7927822B1AFDCEF60099B2F5 /* Base */,
			);
			name = LaunchScreen.xib;
			sourceTree = "<group>";
		};
/* End PBXVariantGroup section */

/* Begin XCBuildConfiguration section */
		792782391AFDCEF60099B2F5 /* Debug */ = {
			isa = XCBuildConfiguration;
			buildSettings = {
				ALWAYS_SEARCH_USER_PATHS = NO;
				CLANG_CXX_LANGUAGE_STANDARD = "gnu++0x";
				CLANG_CXX_LIBRARY = "libc++";
				CLANG_ENABLE_MODULES = YES;
				CLANG_ENABLE_OBJC_ARC = YES;
				CLANG_WARN_BOOL_CONVERSION = YES;
				CLANG_WARN_CONSTANT_CONVERSION = YES;
				CLANG_WARN_DIRECT_OBJC_ISA_USAGE = YES_ERROR;
				CLANG_WARN_EMPTY_BODY = YES;
				CLANG_WARN_ENUM_CONVERSION = YES;
				CLANG_WARN_INT_CONVERSION = YES;
				CLANG_WARN_OBJC_ROOT_CLASS = YES_ERROR;
				CLANG_WARN_UNREACHABLE_CODE = YES;
				CLANG_WARN__DUPLICATE_METHOD_MATCH = YES;
				"CODE_SIGN_IDENTITY[sdk=iphoneos*]" = "iPhone Developer";
				COPY_PHASE_STRIP = NO;
				ENABLE_STRICT_OBJC_MSGSEND = YES;
				GCC_C_LANGUAGE_STANDARD = gnu99;
				GCC_DYNAMIC_NO_PIC = NO;
				GCC_OPTIMIZATION_LEVEL = 0;
				GCC_PREPROCESSOR_DEFINITIONS = (
					"DEBUG=1",
					"$(inherited)",
				);
				GCC_SYMBOLS_PRIVATE_EXTERN = NO;
				GCC_WARN_64_TO_32_BIT_CONVERSION = YES;
				GCC_WARN_ABOUT_RETURN_TYPE = YES_ERROR;
				GCC_WARN_UNDECLARED_SELECTOR = YES;
				GCC_WARN_UNINITIALIZED_AUTOS = YES_AGGRESSIVE;
				GCC_WARN_UNUSED_FUNCTION = YES;
				GCC_WARN_UNUSED_VARIABLE = YES;
				IPHONEOS_DEPLOYMENT_TARGET = 8.1;
				MTL_ENABLE_DEBUG_INFO = YES;
				ONLY_ACTIVE_ARCH = YES;
				SDKROOT = iphoneos;
			};
			name = Debug;
		};
		7927823A1AFDCEF60099B2F5 /* Release */ = {
			isa = XCBuildConfiguration;
			buildSettings = {
				ALWAYS_SEARCH_USER_PATHS = NO;
				CLANG_CXX_LANGUAGE_STANDARD = "gnu++0x";
				CLANG_CXX_LIBRARY = "libc++";
				CLANG_ENABLE_MODULES = YES;
				CLANG_ENABLE_OBJC_ARC = YES;
				CLANG_WARN_BOOL_CONVERSION = YES;
				CLANG_WARN_CONSTANT_CONVERSION = YES;
				CLANG_WARN_DIRECT_OBJC_ISA_USAGE = YES_ERROR;
				CLANG_WARN_EMPTY_BODY = YES;
				CLANG_WARN_ENUM_CONVERSION = YES;
				CLANG_WARN_INT_CONVERSION = YES;
				CLANG_WARN_OBJC_ROOT_CLASS = YES_ERROR;
				CLANG_WARN_UNREACHABLE_CODE = YES;
				CLANG_WARN__DUPLICATE_METHOD_MATCH = YES;
				"CODE_SIGN_IDENTITY[sdk=iphoneos*]" = "iPhone Developer";
				COPY_PHASE_STRIP = YES;
				ENABLE_NS_ASSERTIONS = NO;
				ENABLE_STRICT_OBJC_MSGSEND = YES;
				GCC_C_LANGUAGE_STANDARD = gnu99;
				GCC_WARN_64_TO_32_BIT_CONVERSION = YES;
				GCC_WARN_ABOUT_RETURN_TYPE = YES_ERROR;
				GCC_WARN_UNDECLARED_SELECTOR = YES;
				GCC_WARN_UNINITIALIZED_AUTOS = YES_AGGRESSIVE;
				GCC_WARN_UNUSED_FUNCTION = YES;
				GCC_WARN_UNUSED_VARIABLE = YES;
				IPHONEOS_DEPLOYMENT_TARGET = 8.1;
				MTL_ENABLE_DEBUG_INFO = NO;
				SDKROOT = iphoneos;
				VALIDATE_PRODUCT = YES;
			};
			name = Release;
		};
		7927823C1AFDCEF60099B2F5 /* Debug */ = {
			isa = XCBuildConfiguration;
			buildSettings = {
				ASSETCATALOG_COMPILER_APPICON_NAME = AppIcon;
				FRAMEWORK_SEARCH_PATHS = (
					"$(inherited)",
					"$(PROJECT_DIR)",
				);
				INFOPLIST_FILE = RightCycle/Info.plist;
				LD_RUNPATH_SEARCH_PATHS = "$(inherited) @executable_path/Frameworks";
				PRODUCT_NAME = "$(TARGET_NAME)";
			};
			name = Debug;
		};
		7927823D1AFDCEF60099B2F5 /* Release */ = {
			isa = XCBuildConfiguration;
			buildSettings = {
				ASSETCATALOG_COMPILER_APPICON_NAME = AppIcon;
				FRAMEWORK_SEARCH_PATHS = (
					"$(inherited)",
					"$(PROJECT_DIR)",
				);
				INFOPLIST_FILE = RightCycle/Info.plist;
				LD_RUNPATH_SEARCH_PATHS = "$(inherited) @executable_path/Frameworks";
				PRODUCT_NAME = "$(TARGET_NAME)";
			};
			name = Release;
		};
		7927823F1AFDCEF60099B2F5 /* Debug */ = {
			isa = XCBuildConfiguration;
			buildSettings = {
				BUNDLE_LOADER = "$(TEST_HOST)";
				FRAMEWORK_SEARCH_PATHS = (
					"$(SDKROOT)/Developer/Library/Frameworks",
					"$(inherited)",
				);
				GCC_PREPROCESSOR_DEFINITIONS = (
					"DEBUG=1",
					"$(inherited)",
				);
				INFOPLIST_FILE = RightCycleTests/Info.plist;
				LD_RUNPATH_SEARCH_PATHS = "$(inherited) @executable_path/Frameworks @loader_path/Frameworks";
				PRODUCT_NAME = "$(TARGET_NAME)";
				TEST_HOST = "$(BUILT_PRODUCTS_DIR)/RightCycle.app/RightCycle";
			};
			name = Debug;
		};
		792782401AFDCEF60099B2F5 /* Release */ = {
			isa = XCBuildConfiguration;
			buildSettings = {
				BUNDLE_LOADER = "$(TEST_HOST)";
				FRAMEWORK_SEARCH_PATHS = (
					"$(SDKROOT)/Developer/Library/Frameworks",
					"$(inherited)",
				);
				INFOPLIST_FILE = RightCycleTests/Info.plist;
				LD_RUNPATH_SEARCH_PATHS = "$(inherited) @executable_path/Frameworks @loader_path/Frameworks";
				PRODUCT_NAME = "$(TARGET_NAME)";
				TEST_HOST = "$(BUILT_PRODUCTS_DIR)/RightCycle.app/RightCycle";
			};
			name = Release;
		};
/* End XCBuildConfiguration section */

/* Begin XCConfigurationList section */
		792782101AFDCEF50099B2F5 /* Build configuration list for PBXProject "RightCycle" */ = {
			isa = XCConfigurationList;
			buildConfigurations = (
				792782391AFDCEF60099B2F5 /* Debug */,
				7927823A1AFDCEF60099B2F5 /* Release */,
			);
			defaultConfigurationIsVisible = 0;
			defaultConfigurationName = Release;
		};
		7927823B1AFDCEF60099B2F5 /* Build configuration list for PBXNativeTarget "RightCycle" */ = {
			isa = XCConfigurationList;
			buildConfigurations = (
				7927823C1AFDCEF60099B2F5 /* Debug */,
				7927823D1AFDCEF60099B2F5 /* Release */,
			);
			defaultConfigurationIsVisible = 0;
			defaultConfigurationName = Release;
		};
		7927823E1AFDCEF60099B2F5 /* Build configuration list for PBXNativeTarget "RightCycleTests" */ = {
			isa = XCConfigurationList;
			buildConfigurations = (
				7927823F1AFDCEF60099B2F5 /* Debug */,
				792782401AFDCEF60099B2F5 /* Release */,
			);
			defaultConfigurationIsVisible = 0;
			defaultConfigurationName = Release;
		};
/* End XCConfigurationList section */
	};
	rootObject = 7927820D1AFDCEF50099B2F5 /* Project object */;
}
